Microsoft Visual Studio Solution File, Format Version 12.00
# Visual Studio Version 17
VisualStudioVersion = 17.5.2.0
MinimumVisualStudioVersion = 10.0.40219.1
Project("{FAE04EC0-301F-11D3-BF4B-00C04F79EFBC}") = "MyFirstVectorDb", "MyFirstVectorDb.csproj", "{FD77C50B-3716-54C5-61D7-238EAEC6C5D2}"
EndProject
Global
	GlobalSection(SolutionConfigurationPlatforms) = preSolution
		Debug|Any CPU = Debug|Any CPU
		Release|Any CPU = Release|Any CPU
	EndGlobalSection
	GlobalSection(ProjectConfigurationPlatforms) = postSolution
		{FD77C50B-3716-54C5-61D7-238EAEC6C5D2}.Debug|Any CPU.ActiveCfg = Debug|Any CPU
		{FD77C50B-3716-54C5-61D7-238EAEC6C5D2}.Debug|Any CPU.Build.0 = Debug|Any CPU
		{FD77C50B-3716-54C5-61D7-238EAEC6C5D2}.Release|Any CPU.ActiveCfg = Release|Any CPU
		{FD77C50B-3716-54C5-61D7-238EAEC6C5D2}.Release|Any CPU.Build.0 = Release|Any CPU
	EndGlobalSection
	GlobalSection(SolutionProperties) = preSolution
		HideSolutionNode = FALSE
	EndGlobalSection
	GlobalSection(ExtensibilityGlobals) = postSolution
		SolutionGuid = {2C0FD023-E251-418D-B7DD-DBD4DBA47318}
	EndGlobalSection
EndGlobal
